
Microsoft Visual Studio Solution File, Format Version 11.00
# Visual Studio 2010
Project("{FAE04EC0-301F-11D3-BF4B-00C04F79EFBC}") = "CodeLab1-2017", "Assembly-CSharp-firstpass.csproj", "{9225DBEC-839E-E648-3661-D942E8E4CAA3}"
EndProject
Project("{FAE04EC0-301F-11D3-BF4B-00C04F79EFBC}") = "CodeLab1-2017", "Assembly-CSharp.csproj", "{4D7B59E8-5D72-7D70-EB31-83CBA8441067}"
EndProject
Global
	GlobalSection(SolutionConfigurationPlatforms) = preSolution
		Debug|Any CPU = Debug|Any CPU
		Release|Any CPU = Release|Any CPU
	EndGlobalSection
	GlobalSection(ProjectConfigurationPlatforms) = postSolution
		{9225DBEC-839E-E648-3661-D942E8E4CAA3}.Debug|Any CPU.ActiveCfg = Debug|Any CPU
		{9225DBEC-839E-E648-3661-D942E8E4CAA3}.Debug|Any CPU.Build.0 = Debug|Any CPU
		{9225DBEC-839E-E648-3661-D942E8E4CAA3}.Release|Any CPU.ActiveCfg = Release|Any CPU
		{9225DBEC-839E-E648-3661-D942E8E4CAA3}.Release|Any CPU.Build.0 = Release|Any CPU
		{4D7B59E8-5D72-7D70-EB31-83CBA8441067}.Debug|Any CPU.ActiveCfg = Debug|Any CPU
		{4D7B59E8-5D72-7D70-EB31-83CBA8441067}.Debug|Any CPU.Build.0 = Debug|Any CPU
		{4D7B59E8-5D72-7D70-EB31-83CBA8441067}.Release|Any CPU.ActiveCfg = Release|Any CPU
		{4D7B59E8-5D72-7D70-EB31-83CBA8441067}.Release|Any CPU.Build.0 = Release|Any CPU
	EndGlobalSection
	GlobalSection(SolutionProperties) = preSolution
		HideSolutionNode = FALSE
	EndGlobalSection
	GlobalSection(MonoDevelopProperties) = preSolution
		StartupItem = Assembly-CSharp.csproj
	EndGlobalSection
EndGlobal
